// !$*UTF8*$!
{
	archiveVersion = 1;
	classes = {
	};
	objectVersion = 56;
	objects = {

/* Begin PBXBuildFile section */
		9EB3F72D2B10769C009B6BF7 /* AppDelegate.swift in Sources */ = {isa = PBXBuildFile; fileRef = 9EB3F72C2B10769C009B6BF7 /* AppDelegate.swift */; };
		9EB3F72F2B10769C009B6BF7 /* SceneDelegate.swift in Sources */ = {isa = PBXBuildFile; fileRef = 9EB3F72E2B10769C009B6BF7 /* SceneDelegate.swift */; };
		9EB3F7362B10769D009B6BF7 /* Assets.xcassets in Resources */ = {isa = PBXBuildFile; fileRef = 9EB3F7352B10769D009B6BF7 /* Assets.xcassets */; };
		9EB3F7392B10769D009B6BF7 /* LaunchScreen.storyboard in Resources */ = {isa = PBXBuildFile; fileRef = 9EB3F7372B10769D009B6BF7 /* LaunchScreen.storyboard */; };
		9EB3F7562B107823009B6BF7 /* RxBlocking in Frameworks */ = {isa = PBXBuildFile; productRef = 9EB3F7552B107823009B6BF7 /* RxBlocking */; };
		9EB3F7582B107823009B6BF7 /* RxBlocking-Dynamic in Frameworks */ = {isa = PBXBuildFile; productRef = 9EB3F7572B107823009B6BF7 /* RxBlocking-Dynamic */; };
		9EB3F75A2B107823009B6BF7 /* RxCocoa in Frameworks */ = {isa = PBXBuildFile; productRef = 9EB3F7592B107823009B6BF7 /* RxCocoa */; };
		9EB3F75C2B107823009B6BF7 /* RxCocoa-Dynamic in Frameworks */ = {isa = PBXBuildFile; productRef = 9EB3F75B2B107823009B6BF7 /* RxCocoa-Dynamic */; };
		9EB3F75E2B107823009B6BF7 /* RxRelay in Frameworks */ = {isa = PBXBuildFile; productRef = 9EB3F75D2B107823009B6BF7 /* RxRelay */; };
		9EB3F7642B10783B009B6BF7 /* ReactorKit in Frameworks */ = {isa = PBXBuildFile; productRef = 9EB3F7632B10783B009B6BF7 /* ReactorKit */; };
		9EB3F7682B107883009B6BF7 /* GitHubSearchViewReactor.swift in Sources */ = {isa = PBXBuildFile; fileRef = 9EB3F7652B107883009B6BF7 /* GitHubSearchViewReactor.swift */; };
		9EB3F7692B107883009B6BF7 /* Main.storyboard in Resources */ = {isa = PBXBuildFile; fileRef = 9EB3F7662B107883009B6BF7 /* Main.storyboard */; };
		9EB3F76A2B107883009B6BF7 /* GitHubSearchViewController.swift in Sources */ = {isa = PBXBuildFile; fileRef = 9EB3F7672B107883009B6BF7 /* GitHubSearchViewController.swift */; };
/* End PBXBuildFile section */

/* Begin PBXFileReference section */
		9EB3F7292B10769C009B6BF7 /* GitHubSearch.app */ = {isa = PBXFileReference; explicitFileType = wrapper.application; includeInIndex = 0; path = GitHubSearch.app; sourceTree = BUILT_PRODUCTS_DIR; };
		9EB3F72C2B10769C009B6BF7 /* AppDelegate.swift */ = {isa = PBXFileReference; lastKnownFileType = sourcecode.swift; path = AppDelegate.swift; sourceTree = "<group>"; };
		9EB3F72E2B10769C009B6BF7 /* SceneDelegate.swift */ = {isa = PBXFileReference; lastKnownFileType = sourcecode.swift; path = SceneDelegate.swift; sourceTree = "<group>"; };
		9EB3F7352B10769D009B6BF7 /* Assets.xcassets */ = {isa = PBXFileReference; lastKnownFileType = folder.assetcatalog; path = Assets.xcassets; sourceTree = "<group>"; };
		9EB3F7382B10769D009B6BF7 /* Base */ = {isa = PBXFileReference; lastKnownFileType = file.storyboard; name = Base; path = Base.lproj/LaunchScreen.storyboard; sourceTree = "<group>"; };
		9EB3F73A2B10769D009B6BF7 /* Info.plist */ = {isa = PBXFileReference; lastKnownFileType = text.plist.xml; path = Info.plist; sourceTree = "<group>"; };
		9EB3F7652B107883009B6BF7 /* GitHubSearchViewReactor.swift */ = {isa = PBXFileReference; fileEncoding = 4; lastKnownFileType = sourcecode.swift; path = GitHubSearchViewReactor.swift; sourceTree = "<group>"; };
		9EB3F7662B107883009B6BF7 /* Main.storyboard */ = {isa = PBXFileReference; fileEncoding = 4; lastKnownFileType = file.storyboard; path = Main.storyboard; sourceTree = "<group>"; };
		9EB3F7672B107883009B6BF7 /* GitHubSearchViewController.swift */ = {isa = PBXFileReference; fileEncoding = 4; lastKnownFileType = sourcecode.swift; path = GitHubSearchViewController.swift; sourceTree = "<group>"; };
/* End PBXFileReference section */

/* Begin PBXFrameworksBuildPhase section */
		9EB3F7262B10769C009B6BF7 /* Frameworks */ = {
			isa = PBXFrameworksBuildPhase;
			buildActionMask = 2147483647;
			files = (
				9EB3F75E2B107823009B6BF7 /* RxRelay in Frameworks */,
				9EB3F75C2B107823009B6BF7 /* RxCocoa-Dynamic in Frameworks */,
				9EB3F75A2B107823009B6BF7 /* RxCocoa in Frameworks */,
				9EB3F7562B107823009B6BF7 /* RxBlocking in Frameworks */,
				9EB3F7642B10783B009B6BF7 /* ReactorKit in Frameworks */,
				9EB3F7582B107823009B6BF7 /* RxBlocking-Dynamic in Frameworks */,
			);
			runOnlyForDeploymentPostprocessing = 0;
		};
/* End PBXFrameworksBuildPhase section */

/* Begin PBXGroup section */
		9EB3F7202B10769C009B6BF7 = {
			isa = PBXGroup;
			children = (
				9EB3F72B2B10769C009B6BF7 /* GitHubSearch */,
				9EB3F72A2B10769C009B6BF7 /* Products */,
			);
			sourceTree = "<group>";
		};
		9EB3F72A2B10769C009B6BF7 /* Products */ = {
			isa = PBXGroup;
			children = (
				9EB3F7292B10769C009B6BF7 /* GitHubSearch.app */,
			);
			name = Products;
			sourceTree = "<group>";
		};
		9EB3F72B2B10769C009B6BF7 /* GitHubSearch */ = {
			isa = PBXGroup;
			children = (
				9EB3F72C2B10769C009B6BF7 /* AppDelegate.swift */,
				9EB3F72E2B10769C009B6BF7 /* SceneDelegate.swift */,
				9EB3F7662B107883009B6BF7 /* Main.storyboard */,
				9EB3F7672B107883009B6BF7 /* GitHubSearchViewController.swift */,
				9EB3F7652B107883009B6BF7 /* GitHubSearchViewReactor.swift */,
				9EB3F7352B10769D009B6BF7 /* Assets.xcassets */,
				9EB3F7372B10769D009B6BF7 /* LaunchScreen.storyboard */,
				9EB3F73A2B10769D009B6BF7 /* Info.plist */,
			);
			path = GitHubSearch;
			sourceTree = "<group>";
		};
/* End PBXGroup section */

/* Begin PBXNativeTarget section */
		9EB3F7282B10769C009B6BF7 /* GitHubSearch */ = {
			isa = PBXNativeTarget;
			buildConfigurationList = 9EB3F73D2B10769D009B6BF7 /* Build configuration list for PBXNativeTarget "GitHubSearch" */;
			buildPhases = (
				9EB3F7252B10769C009B6BF7 /* Sources */,
				9EB3F7262B10769C009B6BF7 /* Frameworks */,
				9EB3F7272B10769C009B6BF7 /* Resources */,
			);
			buildRules = (
			);
			dependencies = (
			);
			name = GitHubSearch;
			packageProductDependencies = (
				9EB3F7552B107823009B6BF7 /* RxBlocking */,
				9EB3F7572B107823009B6BF7 /* RxBlocking-Dynamic */,
				9EB3F7592B107823009B6BF7 /* RxCocoa */,
				9EB3F75B2B107823009B6BF7 /* RxCocoa-Dynamic */,
				9EB3F75D2B107823009B6BF7 /* RxRelay */,
				9EB3F7632B10783B009B6BF7 /* ReactorKit */,
			);
			productName = GitHubSearch;
			productReference = 9EB3F7292B10769C009B6BF7 /* GitHubSearch.app */;
			productType = "com.apple.product-type.application";
		};
/* End PBXNativeTarget section */

/* Begin PBXProject section */
		9EB3F7212B10769C009B6BF7 /* Project object */ = {
			isa = PBXProject;
			attributes = {
				BuildIndependentTargetsInParallel = 1;
				LastSwiftUpdateCheck = 1500;
				LastUpgradeCheck = 1500;
				TargetAttributes = {
					9EB3F7282B10769C009B6BF7 = {
						CreatedOnToolsVersion = 15.0.1;
					};
				};
			};
			buildConfigurationList = 9EB3F7242B10769C009B6BF7 /* Build configuration list for PBXProject "GitHubSearch" */;
			compatibilityVersion = "Xcode 14.0";
			developmentRegion = en;
			hasScannedForEncodings = 0;
			knownRegions = (
				en,
				Base,
			);
			mainGroup = 9EB3F7202B10769C009B6BF7;
			packageReferences = (
				9EB3F7542B107823009B6BF7 /* XCRemoteSwiftPackageReference "RxSwift" */,
				9EB3F7622B10783B009B6BF7 /* XCRemoteSwiftPackageReference "ReactorKit" */,
			);
			productRefGroup = 9EB3F72A2B10769C009B6BF7 /* Products */;
			projectDirPath = "";
			projectRoot = "";
			targets = (
				9EB3F7282B10769C009B6BF7 /* GitHubSearch */,
			);
		};
/* End PBXProject section */

/* Begin PBXResourcesBuildPhase section */
		9EB3F7272B10769C009B6BF7 /* Resources */ = {
			isa = PBXResourcesBuildPhase;
			buildActionMask = 2147483647;
			files = (
				9EB3F7392B10769D009B6BF7 /* LaunchScreen.storyboard in Resources */,
				9EB3F7362B10769D009B6BF7 /* Assets.xcassets in Resources */,
				9EB3F7692B107883009B6BF7 /* Main.storyboard in Resources */,
			);
			runOnlyForDeploymentPostprocessing = 0;
		};
/* End PBXResourcesBuildPhase section */

/* Begin PBXSourcesBuildPhase section */
		9EB3F7252B10769C009B6BF7 /* Sources */ = {
			isa = PBXSourcesBuildPhase;
			buildActionMask = 2147483647;
			files = (
				9EB3F7682B107883009B6BF7 /* GitHubSearchViewReactor.swift in Sources */,
				9EB3F76A2B107883009B6BF7 /* GitHubSearchViewController.swift in Sources */,
				9EB3F72D2B10769C009B6BF7 /* AppDelegate.swift in Sources */,
				9EB3F72F2B10769C009B6BF7 /* SceneDelegate.swift in Sources */,
			);
			runOnlyForDeploymentPostprocessing = 0;
		};
/* End PBXSourcesBuildPhase section */

/* Begin PBXVariantGroup section */
		9EB3F7372B10769D009B6BF7 /* LaunchScreen.storyboard */ = {
			isa = PBXVariantGroup;
			children = (
				9EB3F7382B10769D009B6BF7 /* Base */,
			);
			name = LaunchScreen.storyboard;
			sourceTree = "<group>";
		};
/* End PBXVariantGroup section */

/* Begin XCBuildConfiguration section */
		9EB3F73B2B10769D009B6BF7 /* Debug */ = {
			isa = XCBuildConfiguration;
			buildSettings = {
				ALWAYS_SEARCH_USER_PATHS = NO;
				ASSETCATALOG_COMPILER_GENERATE_SWIFT_ASSET_SYMBOL_EXTENSIONS = YES;
				CLANG_ANALYZER_NONNULL = YES;
				CLANG_ANALYZER_NUMBER_OBJECT_CONVERSION = YES_AGGRESSIVE;
				CLANG_CXX_LANGUAGE_STANDARD = "gnu++20";
				CLANG_ENABLE_MODULES = YES;
				CLANG_ENABLE_OBJC_ARC = YES;
				CLANG_ENABLE_OBJC_WEAK = YES;
				CLANG_WARN_BLOCK_CAPTURE_AUTORELEASING = YES;
				CLANG_WARN_BOOL_CONVERSION = YES;
				CLANG_WARN_COMMA = YES;
				CLANG_WARN_CONSTANT_CONVERSION = YES;
				CLANG_WARN_DEPRECATED_OBJC_IMPLEMENTATIONS = YES;
				CLANG_WARN_DIRECT_OBJC_ISA_USAGE = YES_ERROR;
				CLANG_WARN_DOCUMENTATION_COMMENTS = YES;
				CLANG_WARN_EMPTY_BODY = YES;
				CLANG_WARN_ENUM_CONVERSION = YES;
				CLANG_WARN_INFINITE_RECURSION = YES;
				CLANG_WARN_INT_CONVERSION = YES;
				CLANG_WARN_NON_LITERAL_NULL_CONVERSION = YES;
				CLANG_WARN_OBJC_IMPLICIT_RETAIN_SELF = YES;
				CLANG_WARN_OBJC_LITERAL_CONVERSION = YES;
				CLANG_WARN_OBJC_ROOT_CLASS = YES_ERROR;
				CLANG_WARN_QUOTED_INCLUDE_IN_FRAMEWORK_HEADER = YES;
				CLANG_WARN_RANGE_LOOP_ANALYSIS = YES;
				CLANG_WARN_STRICT_PROTOTYPES = YES;
				CLANG_WARN_SUSPICIOUS_MOVE = YES;
				CLANG_WARN_UNGUARDED_AVAILABILITY = YES_AGGRESSIVE;
				CLANG_WARN_UNREACHABLE_CODE = YES;
				CLANG_WARN__DUPLICATE_METHOD_MATCH = YES;
				COPY_PHASE_STRIP = NO;
				DEBUG_INFORMATION_FORMAT = dwarf;
				ENABLE_STRICT_OBJC_MSGSEND = YES;
				ENABLE_TESTABILITY = YES;
				ENABLE_USER_SCRIPT_SANDBOXING = YES;
				GCC_C_LANGUAGE_STANDARD = gnu17;
				GCC_DYNAMIC_NO_PIC = NO;
				GCC_NO_COMMON_BLOCKS = YES;
				GCC_OPTIMIZATION_LEVEL = 0;
				GCC_PREPROCESSOR_DEFINITIONS = (
					"DEBUG=1",
					"$(inherited)",
				);
				GCC_WARN_64_TO_32_BIT_CONVERSION = YES;
				GCC_WARN_ABOUT_RETURN_TYPE = YES_ERROR;
				GCC_WARN_UNDECLARED_SELECTOR = YES;
				GCC_WARN_UNINITIALIZED_AUTOS = YES_AGGRESSIVE;
				GCC_WARN_UNUSED_FUNCTION = YES;
				GCC_WARN_UNUSED_VARIABLE = YES;
				IPHONEOS_DEPLOYMENT_TARGET = 17.0;
				LOCALIZATION_PREFERS_STRING_CATALOGS = YES;
				MTL_ENABLE_DEBUG_INFO = INCLUDE_SOURCE;
				MTL_FAST_MATH = YES;
				ONLY_ACTIVE_ARCH = YES;
				SDKROOT = iphoneos;
				SWIFT_ACTIVE_COMPILATION_CONDITIONS = "DEBUG $(inherited)";
				SWIFT_OPTIMIZATION_LEVEL = "-Onone";
			};
			name = Debug;
		};
		9EB3F73C2B10769D009B6BF7 /* Release */ = {
			isa = XCBuildConfiguration;
			buildSettings = {
				ALWAYS_SEARCH_USER_PATHS = NO;
				ASSETCATALOG_COMPILER_GENERATE_SWIFT_ASSET_SYMBOL_EXTENSIONS = YES;
				CLANG_ANALYZER_NONNULL = YES;
				CLANG_ANALYZER_NUMBER_OBJECT_CONVERSION = YES_AGGRESSIVE;
				CLANG_CXX_LANGUAGE_STANDARD = "gnu++20";
				CLANG_ENABLE_MODULES = YES;
				CLANG_ENABLE_OBJC_ARC = YES;
				CLANG_ENABLE_OBJC_WEAK = YES;
				CLANG_WARN_BLOCK_CAPTURE_AUTORELEASING = YES;
				CLANG_WARN_BOOL_CONVERSION = YES;
				CLANG_WARN_COMMA = YES;
				CLANG_WARN_CONSTANT_CONVERSION = YES;
				CLANG_WARN_DEPRECATED_OBJC_IMPLEMENTATIONS = YES;
				CLANG_WARN_DIRECT_OBJC_ISA_USAGE = YES_ERROR;
				CLANG_WARN_DOCUMENTATION_COMMENTS = YES;
				CLANG_WARN_EMPTY_BODY = YES;
				CLANG_WARN_ENUM_CONVERSION = YES;
				CLANG_WARN_INFINITE_RECURSION = YES;
				CLANG_WARN_INT_CONVERSION = YES;
				CLANG_WARN_NON_LITERAL_NULL_CONVERSION = YES;
				CLANG_WARN_OBJC_IMPLICIT_RETAIN_SELF = YES;
				CLANG_WARN_OBJC_LITERAL_CONVERSION = YES;
				CLANG_WARN_OBJC_ROOT_CLASS = YES_ERROR;
				CLANG_WARN_QUOTED_INCLUDE_IN_FRAMEWORK_HEADER = YES;
				CLANG_WARN_RANGE_LOOP_ANALYSIS = YES;
				CLANG_WARN_STRICT_PROTOTYPES = YES;
				CLANG_WARN_SUSPICIOUS_MOVE = YES;
				CLANG_WARN_UNGUARDED_AVAILABILITY = YES_AGGRESSIVE;
				CLANG_WARN_UNREACHABLE_CODE = YES;
				CLANG_WARN__DUPLICATE_METHOD_MATCH = YES;
				COPY_PHASE_STRIP = NO;
				DEBUG_INFORMATION_FORMAT = "dwarf-with-dsym";
				ENABLE_NS_ASSERTIONS = NO;
				ENABLE_STRICT_OBJC_MSGSEND = YES;
				ENABLE_USER_SCRIPT_SANDBOXING = YES;
				GCC_C_LANGUAGE_STANDARD = gnu17;
				GCC_NO_COMMON_BLOCKS = YES;
				GCC_WARN_64_TO_32_BIT_CONVERSION = YES;
				GCC_WARN_ABOUT_RETURN_TYPE = YES_ERROR;
				GCC_WARN_UNDECLARED_SELECTOR = YES;
				GCC_WARN_UNINITIALIZED_AUTOS = YES_AGGRESSIVE;
				GCC_WARN_UNUSED_FUNCTION = YES;
				GCC_WARN_UNUSED_VARIABLE = YES;
				IPHONEOS_DEPLOYMENT_TARGET = 17.0;
				LOCALIZATION_PREFERS_STRING_CATALOGS = YES;
				MTL_ENABLE_DEBUG_INFO = NO;
				MTL_FAST_MATH = YES;
				SDKROOT = iphoneos;
				SWIFT_COMPILATION_MODE = wholemodule;
				VALIDATE_PRODUCT = YES;
			};
			name = Release;
		};
		9EB3F73E2B10769D009B6BF7 /* Debug */ = {
			isa = XCBuildConfiguration;
			buildSettings = {
				ASSETCATALOG_COMPILER_APPICON_NAME = AppIcon;
				ASSETCATALOG_COMPILER_GLOBAL_ACCENT_COLOR_NAME = AccentColor;
				CODE_SIGN_STYLE = Automatic;
				CURRENT_PROJECT_VERSION = 1;
				DEVELOPMENT_TEAM = 4DQM269FVB;
				GENERATE_INFOPLIST_FILE = YES;
				INFOPLIST_FILE = GitHubSearch/Info.plist;
				INFOPLIST_KEY_UIApplicationSupportsIndirectInputEvents = YES;
				INFOPLIST_KEY_UILaunchStoryboardName = LaunchScreen;
				INFOPLIST_KEY_UIMainStoryboardFile = Main;
				INFOPLIST_KEY_UISupportedInterfaceOrientations_iPad = "UIInterfaceOrientationPortrait UIInterfaceOrientationPortraitUpsideDown UIInterfaceOrientationLandscapeLeft UIInterfaceOrientationLandscapeRight";
				INFOPLIST_KEY_UISupportedInterfaceOrientations_iPhone = "UIInterfaceOrientationPortrait UIInterfaceOrientationLandscapeLeft UIInterfaceOrientationLandscapeRight";
				LD_RUNPATH_SEARCH_PATHS = (
					"$(inherited)",
					"@executable_path/Frameworks",
				);
				MARKETING_VERSION = 1.0;
				PRODUCT_BUNDLE_IDENTIFIER = "com.kunwoo-kim.GitHubSearch";
				PRODUCT_NAME = "$(TARGET_NAME)";
				SWIFT_EMIT_LOC_STRINGS = YES;
				SWIFT_VERSION = 5.0;
				TARGETED_DEVICE_FAMILY = "1,2";
			};
			name = Debug;
		};
		9EB3F73F2B10769D009B6BF7 /* Release */ = {
			isa = XCBuildConfiguration;
			buildSettings = {
				ASSETCATALOG_COMPILER_APPICON_NAME = AppIcon;
				ASSETCATALOG_COMPILER_GLOBAL_ACCENT_COLOR_NAME = AccentColor;
				CODE_SIGN_STYLE = Automatic;
				CURRENT_PROJECT_VERSION = 1;
				DEVELOPMENT_TEAM = 4DQM269FVB;
				GENERATE_INFOPLIST_FILE = YES;
				INFOPLIST_FILE = GitHubSearch/Info.plist;
				INFOPLIST_KEY_UIApplicationSupportsIndirectInputEvents = YES;
				INFOPLIST_KEY_UILaunchStoryboardName = LaunchScreen;
				INFOPLIST_KEY_UIMainStoryboardFile = Main;
				INFOPLIST_KEY_UISupportedInterfaceOrientations_iPad = "UIInterfaceOrientationPortrait UIInterfaceOrientationPortraitUpsideDown UIInterfaceOrientationLandscapeLeft UIInterfaceOrientationLandscapeRight";
				INFOPLIST_KEY_UISupportedInterfaceOrientations_iPhone = "UIInterfaceOrientationPortrait UIInterfaceOrientationLandscapeLeft UIInterfaceOrientationLandscapeRight";
				LD_RUNPATH_SEARCH_PATHS = (
					"$(inherited)",
					"@executable_path/Frameworks",
				);
				MARKETING_VERSION = 1.0;
				PRODUCT_BUNDLE_IDENTIFIER = "com.kunwoo-kim.GitHubSearch";
				PRODUCT_NAME = "$(TARGET_NAME)";
				SWIFT_EMIT_LOC_STRINGS = YES;
				SWIFT_VERSION = 5.0;
				TARGETED_DEVICE_FAMILY = "1,2";
			};
			name = Release;
		};
/* End XCBuildConfiguration section */

/* Begin XCConfigurationList section */
		9EB3F7242B10769C009B6BF7 /* Build configuration list for PBXProject "GitHubSearch" */ = {
			isa = XCConfigurationList;
			buildConfigurations = (
				9EB3F73B2B10769D009B6BF7 /* Debug */,
				9EB3F73C2B10769D009B6BF7 /* Release */,
			);
			defaultConfigurationIsVisible = 0;
			defaultConfigurationName = Release;
		};
		9EB3F73D2B10769D009B6BF7 /* Build configuration list for PBXNativeTarget "GitHubSearch" */ = {
			isa = XCConfigurationList;
			buildConfigurations = (
				9EB3F73E2B10769D009B6BF7 /* Debug */,
				9EB3F73F2B10769D009B6BF7 /* Release */,
			);
			defaultConfigurationIsVisible = 0;
			defaultConfigurationName = Release;
		};
/* End XCConfigurationList section */

/* Begin XCRemoteSwiftPackageReference section */
		9EB3F7542B107823009B6BF7 /* XCRemoteSwiftPackageReference "RxSwift" */ = {
			isa = XCRemoteSwiftPackageReference;
			repositoryURL = "https://github.com/ReactiveX/RxSwift";
			requirement = {
				kind = upToNextMajorVersion;
				minimumVersion = 6.6.0;
			};
		};
		9EB3F7622B10783B009B6BF7 /* XCRemoteSwiftPackageReference "ReactorKit" */ = {
			isa = XCRemoteSwiftPackageReference;
			repositoryURL = "https://github.com/ReactorKit/ReactorKit";
			requirement = {
				kind = upToNextMajorVersion;
				minimumVersion = 3.2.0;
			};
		};
/* End XCRemoteSwiftPackageReference section */

/* Begin XCSwiftPackageProductDependency section */
		9EB3F7552B107823009B6BF7 /* RxBlocking */ = {
			isa = XCSwiftPackageProductDependency;
			package = 9EB3F7542B107823009B6BF7 /* XCRemoteSwiftPackageReference "RxSwift" */;
			productName = RxBlocking;
		};
		9EB3F7572B107823009B6BF7 /* RxBlocking-Dynamic */ = {
			isa = XCSwiftPackageProductDependency;
			package = 9EB3F7542B107823009B6BF7 /* XCRemoteSwiftPackageReference "RxSwift" */;
			productName = "RxBlocking-Dynamic";
		};
		9EB3F7592B107823009B6BF7 /* RxCocoa */ = {
			isa = XCSwiftPackageProductDependency;
			package = 9EB3F7542B107823009B6BF7 /* XCRemoteSwiftPackageReference "RxSwift" */;
			productName = RxCocoa;
		};
		9EB3F75B2B107823009B6BF7 /* RxCocoa-Dynamic */ = {
			isa = XCSwiftPackageProductDependency;
			package = 9EB3F7542B107823009B6BF7 /* XCRemoteSwiftPackageReference "RxSwift" */;
			productName = "RxCocoa-Dynamic";
		};
		9EB3F75D2B107823009B6BF7 /* RxRelay */ = {
			isa = XCSwiftPackageProductDependency;
			package = 9EB3F7542B107823009B6BF7 /* XCRemoteSwiftPackageReference "RxSwift" */;
			productName = RxRelay;
		};
		9EB3F7632B10783B009B6BF7 /* ReactorKit */ = {
			isa = XCSwiftPackageProductDependency;
			package = 9EB3F7622B10783B009B6BF7 /* XCRemoteSwiftPackageReference "ReactorKit" */;
			productName = ReactorKit;
		};
/* End XCSwiftPackageProductDependency section */
	};
	rootObject = 9EB3F7212B10769C009B6BF7 /* Project object */;
}
