// !$*UTF8*$!
{
	archiveVersion = 1;
	classes = {
	};
	objectVersion = 56;
	objects = {

/* Begin PBXBuildFile section */
		9ED38DF22B0EF8A60067AA14 /* AppDelegate.swift in Sources */ = {isa = PBXBuildFile; fileRef = 9ED38DF12B0EF8A60067AA14 /* AppDelegate.swift */; };
		9ED38DF42B0EF8A60067AA14 /* SceneDelegate.swift in Sources */ = {isa = PBXBuildFile; fileRef = 9ED38DF32B0EF8A60067AA14 /* SceneDelegate.swift */; };
		9ED38DF92B0EF8A60067AA14 /* Main.storyboard in Resources */ = {isa = PBXBuildFile; fileRef = 9ED38DF72B0EF8A60067AA14 /* Main.storyboard */; };
		9ED38DFB2B0EF8A80067AA14 /* Assets.xcassets in Resources */ = {isa = PBXBuildFile; fileRef = 9ED38DFA2B0EF8A80067AA14 /* Assets.xcassets */; };
		9ED38DFE2B0EF8A80067AA14 /* LaunchScreen.storyboard in Resources */ = {isa = PBXBuildFile; fileRef = 9ED38DFC2B0EF8A80067AA14 /* LaunchScreen.storyboard */; };
		9ED38E072B0EF9370067AA14 /* Counter.storyboard in Resources */ = {isa = PBXBuildFile; fileRef = 9ED38E062B0EF9370067AA14 /* Counter.storyboard */; };
		9ED38E092B0EF93C0067AA14 /* CounterViewController.swift in Sources */ = {isa = PBXBuildFile; fileRef = 9ED38E082B0EF93C0067AA14 /* CounterViewController.swift */; };
		9ED38E0C2B0EF94D0067AA14 /* GitHubSearch.storyboard in Resources */ = {isa = PBXBuildFile; fileRef = 9ED38E0B2B0EF94D0067AA14 /* GitHubSearch.storyboard */; };
		9ED38E0E2B0EF9560067AA14 /* GitHubSearchViewController.swift in Sources */ = {isa = PBXBuildFile; fileRef = 9ED38E0D2B0EF9560067AA14 /* GitHubSearchViewController.swift */; };
		9ED38E112B0EF9AB0067AA14 /* RxBlocking in Frameworks */ = {isa = PBXBuildFile; productRef = 9ED38E102B0EF9AB0067AA14 /* RxBlocking */; };
		9ED38E132B0EF9AB0067AA14 /* RxBlocking-Dynamic in Frameworks */ = {isa = PBXBuildFile; productRef = 9ED38E122B0EF9AB0067AA14 /* RxBlocking-Dynamic */; };
		9ED38E152B0EF9AB0067AA14 /* RxCocoa in Frameworks */ = {isa = PBXBuildFile; productRef = 9ED38E142B0EF9AB0067AA14 /* RxCocoa */; };
		9ED38E172B0EF9AB0067AA14 /* RxCocoa-Dynamic in Frameworks */ = {isa = PBXBuildFile; productRef = 9ED38E162B0EF9AB0067AA14 /* RxCocoa-Dynamic */; };
		9ED38E192B0EF9AB0067AA14 /* RxRelay in Frameworks */ = {isa = PBXBuildFile; productRef = 9ED38E182B0EF9AB0067AA14 /* RxRelay */; };
		9ED38E1C2B0EF9B80067AA14 /* ReactorKit in Frameworks */ = {isa = PBXBuildFile; productRef = 9ED38E1B2B0EF9B80067AA14 /* ReactorKit */; };
		9ED38E1E2B0EFB110067AA14 /* CounterViewReactor.swift in Sources */ = {isa = PBXBuildFile; fileRef = 9ED38E1D2B0EFB110067AA14 /* CounterViewReactor.swift */; };
/* End PBXBuildFile section */

/* Begin PBXFileReference section */
		9ED38DEE2B0EF8A60067AA14 /* HelloReactorKit.app */ = {isa = PBXFileReference; explicitFileType = wrapper.application; includeInIndex = 0; path = HelloReactorKit.app; sourceTree = BUILT_PRODUCTS_DIR; };
		9ED38DF12B0EF8A60067AA14 /* AppDelegate.swift */ = {isa = PBXFileReference; lastKnownFileType = sourcecode.swift; path = AppDelegate.swift; sourceTree = "<group>"; };
		9ED38DF32B0EF8A60067AA14 /* SceneDelegate.swift */ = {isa = PBXFileReference; lastKnownFileType = sourcecode.swift; path = SceneDelegate.swift; sourceTree = "<group>"; };
		9ED38DF82B0EF8A60067AA14 /* Base */ = {isa = PBXFileReference; lastKnownFileType = file.storyboard; name = Base; path = Base.lproj/Main.storyboard; sourceTree = "<group>"; };
		9ED38DFA2B0EF8A80067AA14 /* Assets.xcassets */ = {isa = PBXFileReference; lastKnownFileType = folder.assetcatalog; path = Assets.xcassets; sourceTree = "<group>"; };
		9ED38DFD2B0EF8A80067AA14 /* Base */ = {isa = PBXFileReference; lastKnownFileType = file.storyboard; name = Base; path = Base.lproj/LaunchScreen.storyboard; sourceTree = "<group>"; };
		9ED38DFF2B0EF8A80067AA14 /* Info.plist */ = {isa = PBXFileReference; lastKnownFileType = text.plist.xml; path = Info.plist; sourceTree = "<group>"; };
		9ED38E062B0EF9370067AA14 /* Counter.storyboard */ = {isa = PBXFileReference; lastKnownFileType = file.storyboard; path = Counter.storyboard; sourceTree = "<group>"; };
		9ED38E082B0EF93C0067AA14 /* CounterViewController.swift */ = {isa = PBXFileReference; lastKnownFileType = sourcecode.swift; path = CounterViewController.swift; sourceTree = "<group>"; };
		9ED38E0B2B0EF94D0067AA14 /* GitHubSearch.storyboard */ = {isa = PBXFileReference; lastKnownFileType = file.storyboard; path = GitHubSearch.storyboard; sourceTree = "<group>"; };
		9ED38E0D2B0EF9560067AA14 /* GitHubSearchViewController.swift */ = {isa = PBXFileReference; lastKnownFileType = sourcecode.swift; path = GitHubSearchViewController.swift; sourceTree = "<group>"; };
		9ED38E1D2B0EFB110067AA14 /* CounterViewReactor.swift */ = {isa = PBXFileReference; lastKnownFileType = sourcecode.swift; path = CounterViewReactor.swift; sourceTree = "<group>"; };
/* End PBXFileReference section */

/* Begin PBXFrameworksBuildPhase section */
		9ED38DEB2B0EF8A60067AA14 /* Frameworks */ = {
			isa = PBXFrameworksBuildPhase;
			buildActionMask = 2147483647;
			files = (
				9ED38E192B0EF9AB0067AA14 /* RxRelay in Frameworks */,
				9ED38E172B0EF9AB0067AA14 /* RxCocoa-Dynamic in Frameworks */,
				9ED38E152B0EF9AB0067AA14 /* RxCocoa in Frameworks */,
				9ED38E112B0EF9AB0067AA14 /* RxBlocking in Frameworks */,
				9ED38E1C2B0EF9B80067AA14 /* ReactorKit in Frameworks */,
				9ED38E132B0EF9AB0067AA14 /* RxBlocking-Dynamic in Frameworks */,
			);
			runOnlyForDeploymentPostprocessing = 0;
		};
/* End PBXFrameworksBuildPhase section */

/* Begin PBXGroup section */
		9ED38DE52B0EF8A60067AA14 = {
			isa = PBXGroup;
			children = (
				9ED38DF02B0EF8A60067AA14 /* HelloReactorKit */,
				9ED38DEF2B0EF8A60067AA14 /* Products */,
			);
			sourceTree = "<group>";
		};
		9ED38DEF2B0EF8A60067AA14 /* Products */ = {
			isa = PBXGroup;
			children = (
				9ED38DEE2B0EF8A60067AA14 /* HelloReactorKit.app */,
			);
			name = Products;
			sourceTree = "<group>";
		};
		9ED38DF02B0EF8A60067AA14 /* HelloReactorKit */ = {
			isa = PBXGroup;
			children = (
				9ED38DF12B0EF8A60067AA14 /* AppDelegate.swift */,
				9ED38DF32B0EF8A60067AA14 /* SceneDelegate.swift */,
				9ED38DF72B0EF8A60067AA14 /* Main.storyboard */,
				9ED38E052B0EF8AE0067AA14 /* Counter */,
				9ED38E0A2B0EF9400067AA14 /* GitHubSearch */,
				9ED38DFA2B0EF8A80067AA14 /* Assets.xcassets */,
				9ED38DFC2B0EF8A80067AA14 /* LaunchScreen.storyboard */,
				9ED38DFF2B0EF8A80067AA14 /* Info.plist */,
			);
			path = HelloReactorKit;
			sourceTree = "<group>";
		};
		9ED38E052B0EF8AE0067AA14 /* Counter */ = {
			isa = PBXGroup;
			children = (
				9ED38E062B0EF9370067AA14 /* Counter.storyboard */,
				9ED38E082B0EF93C0067AA14 /* CounterViewController.swift */,
				9ED38E1D2B0EFB110067AA14 /* CounterViewReactor.swift */,
			);
			path = Counter;
			sourceTree = "<group>";
		};
		9ED38E0A2B0EF9400067AA14 /* GitHubSearch */ = {
			isa = PBXGroup;
			children = (
				9ED38E0B2B0EF94D0067AA14 /* GitHubSearch.storyboard */,
				9ED38E0D2B0EF9560067AA14 /* GitHubSearchViewController.swift */,
			);
			path = GitHubSearch;
			sourceTree = "<group>";
		};
/* End PBXGroup section */

/* Begin PBXNativeTarget section */
		9ED38DED2B0EF8A60067AA14 /* HelloReactorKit */ = {
			isa = PBXNativeTarget;
			buildConfigurationList = 9ED38E022B0EF8A80067AA14 /* Build configuration list for PBXNativeTarget "HelloReactorKit" */;
			buildPhases = (
				9ED38DEA2B0EF8A60067AA14 /* Sources */,
				9ED38DEB2B0EF8A60067AA14 /* Frameworks */,
				9ED38DEC2B0EF8A60067AA14 /* Resources */,
			);
			buildRules = (
			);
			dependencies = (
			);
			name = HelloReactorKit;
			packageProductDependencies = (
				9ED38E102B0EF9AB0067AA14 /* RxBlocking */,
				9ED38E122B0EF9AB0067AA14 /* RxBlocking-Dynamic */,
				9ED38E142B0EF9AB0067AA14 /* RxCocoa */,
				9ED38E162B0EF9AB0067AA14 /* RxCocoa-Dynamic */,
				9ED38E182B0EF9AB0067AA14 /* RxRelay */,
				9ED38E1B2B0EF9B80067AA14 /* ReactorKit */,
			);
			productName = HelloReactorKit;
			productReference = 9ED38DEE2B0EF8A60067AA14 /* HelloReactorKit.app */;
			productType = "com.apple.product-type.application";
		};
/* End PBXNativeTarget section */

/* Begin PBXProject section */
		9ED38DE62B0EF8A60067AA14 /* Project object */ = {
			isa = PBXProject;
			attributes = {
				BuildIndependentTargetsInParallel = 1;
				LastSwiftUpdateCheck = 1500;
				LastUpgradeCheck = 1500;
				TargetAttributes = {
					9ED38DED2B0EF8A60067AA14 = {
						CreatedOnToolsVersion = 15.0.1;
					};
				};
			};
			buildConfigurationList = 9ED38DE92B0EF8A60067AA14 /* Build configuration list for PBXProject "HelloReactorKit" */;
			compatibilityVersion = "Xcode 14.0";
			developmentRegion = en;
			hasScannedForEncodings = 0;
			knownRegions = (
				en,
				Base,
			);
			mainGroup = 9ED38DE52B0EF8A60067AA14;
			packageReferences = (
				9ED38E0F2B0EF9AB0067AA14 /* XCRemoteSwiftPackageReference "RxSwift" */,
				9ED38E1A2B0EF9B80067AA14 /* XCRemoteSwiftPackageReference "ReactorKit" */,
			);
			productRefGroup = 9ED38DEF2B0EF8A60067AA14 /* Products */;
			projectDirPath = "";
			projectRoot = "";
			targets = (
				9ED38DED2B0EF8A60067AA14 /* HelloReactorKit */,
			);
		};
/* End PBXProject section */

/* Begin PBXResourcesBuildPhase section */
		9ED38DEC2B0EF8A60067AA14 /* Resources */ = {
			isa = PBXResourcesBuildPhase;
			buildActionMask = 2147483647;
			files = (
				9ED38DFE2B0EF8A80067AA14 /* LaunchScreen.storyboard in Resources */,
				9ED38E072B0EF9370067AA14 /* Counter.storyboard in Resources */,
				9ED38DFB2B0EF8A80067AA14 /* Assets.xcassets in Resources */,
				9ED38DF92B0EF8A60067AA14 /* Main.storyboard in Resources */,
				9ED38E0C2B0EF94D0067AA14 /* GitHubSearch.storyboard in Resources */,
			);
			runOnlyForDeploymentPostprocessing = 0;
		};
/* End PBXResourcesBuildPhase section */

/* Begin PBXSourcesBuildPhase section */
		9ED38DEA2B0EF8A60067AA14 /* Sources */ = {
			isa = PBXSourcesBuildPhase;
			buildActionMask = 2147483647;
			files = (
				9ED38E092B0EF93C0067AA14 /* CounterViewController.swift in Sources */,
				9ED38E1E2B0EFB110067AA14 /* CounterViewReactor.swift in Sources */,
				9ED38DF22B0EF8A60067AA14 /* AppDelegate.swift in Sources */,
				9ED38E0E2B0EF9560067AA14 /* GitHubSearchViewController.swift in Sources */,
				9ED38DF42B0EF8A60067AA14 /* SceneDelegate.swift in Sources */,
			);
			runOnlyForDeploymentPostprocessing = 0;
		};
/* End PBXSourcesBuildPhase section */

/* Begin PBXVariantGroup section */
		9ED38DF72B0EF8A60067AA14 /* Main.storyboard */ = {
			isa = PBXVariantGroup;
			children = (
				9ED38DF82B0EF8A60067AA14 /* Base */,
			);
			name = Main.storyboard;
			sourceTree = "<group>";
		};
		9ED38DFC2B0EF8A80067AA14 /* LaunchScreen.storyboard */ = {
			isa = PBXVariantGroup;
			children = (
				9ED38DFD2B0EF8A80067AA14 /* Base */,
			);
			name = LaunchScreen.storyboard;
			sourceTree = "<group>";
		};
/* End PBXVariantGroup section */

/* Begin XCBuildConfiguration section */
		9ED38E002B0EF8A80067AA14 /* Debug */ = {
			isa = XCBuildConfiguration;
			buildSettings = {
				ALWAYS_SEARCH_USER_PATHS = NO;
				ASSETCATALOG_COMPILER_GENERATE_SWIFT_ASSET_SYMBOL_EXTENSIONS = YES;
				CLANG_ANALYZER_NONNULL = YES;
				CLANG_ANALYZER_NUMBER_OBJECT_CONVERSION = YES_AGGRESSIVE;
				CLANG_CXX_LANGUAGE_STANDARD = "gnu++20";
				CLANG_ENABLE_MODULES = YES;
				CLANG_ENABLE_OBJC_ARC = YES;
				CLANG_ENABLE_OBJC_WEAK = YES;
				CLANG_WARN_BLOCK_CAPTURE_AUTORELEASING = YES;
				CLANG_WARN_BOOL_CONVERSION = YES;
				CLANG_WARN_COMMA = YES;
				CLANG_WARN_CONSTANT_CONVERSION = YES;
				CLANG_WARN_DEPRECATED_OBJC_IMPLEMENTATIONS = YES;
				CLANG_WARN_DIRECT_OBJC_ISA_USAGE = YES_ERROR;
				CLANG_WARN_DOCUMENTATION_COMMENTS = YES;
				CLANG_WARN_EMPTY_BODY = YES;
				CLANG_WARN_ENUM_CONVERSION = YES;
				CLANG_WARN_INFINITE_RECURSION = YES;
				CLANG_WARN_INT_CONVERSION = YES;
				CLANG_WARN_NON_LITERAL_NULL_CONVERSION = YES;
				CLANG_WARN_OBJC_IMPLICIT_RETAIN_SELF = YES;
				CLANG_WARN_OBJC_LITERAL_CONVERSION = YES;
				CLANG_WARN_OBJC_ROOT_CLASS = YES_ERROR;
				CLANG_WARN_QUOTED_INCLUDE_IN_FRAMEWORK_HEADER = YES;
				CLANG_WARN_RANGE_LOOP_ANALYSIS = YES;
				CLANG_WARN_STRICT_PROTOTYPES = YES;
				CLANG_WARN_SUSPICIOUS_MOVE = YES;
				CLANG_WARN_UNGUARDED_AVAILABILITY = YES_AGGRESSIVE;
				CLANG_WARN_UNREACHABLE_CODE = YES;
				CLANG_WARN__DUPLICATE_METHOD_MATCH = YES;
				COPY_PHASE_STRIP = NO;
				DEBUG_INFORMATION_FORMAT = dwarf;
				ENABLE_STRICT_OBJC_MSGSEND = YES;
				ENABLE_TESTABILITY = YES;
				ENABLE_USER_SCRIPT_SANDBOXING = YES;
				GCC_C_LANGUAGE_STANDARD = gnu17;
				GCC_DYNAMIC_NO_PIC = NO;
				GCC_NO_COMMON_BLOCKS = YES;
				GCC_OPTIMIZATION_LEVEL = 0;
				GCC_PREPROCESSOR_DEFINITIONS = (
					"DEBUG=1",
					"$(inherited)",
				);
				GCC_WARN_64_TO_32_BIT_CONVERSION = YES;
				GCC_WARN_ABOUT_RETURN_TYPE = YES_ERROR;
				GCC_WARN_UNDECLARED_SELECTOR = YES;
				GCC_WARN_UNINITIALIZED_AUTOS = YES_AGGRESSIVE;
				GCC_WARN_UNUSED_FUNCTION = YES;
				GCC_WARN_UNUSED_VARIABLE = YES;
				IPHONEOS_DEPLOYMENT_TARGET = 17.0;
				LOCALIZATION_PREFERS_STRING_CATALOGS = YES;
				MTL_ENABLE_DEBUG_INFO = INCLUDE_SOURCE;
				MTL_FAST_MATH = YES;
				ONLY_ACTIVE_ARCH = YES;
				SDKROOT = iphoneos;
				SWIFT_ACTIVE_COMPILATION_CONDITIONS = "DEBUG $(inherited)";
				SWIFT_OPTIMIZATION_LEVEL = "-Onone";
			};
			name = Debug;
		};
		9ED38E012B0EF8A80067AA14 /* Release */ = {
			isa = XCBuildConfiguration;
			buildSettings = {
				ALWAYS_SEARCH_USER_PATHS = NO;
				ASSETCATALOG_COMPILER_GENERATE_SWIFT_ASSET_SYMBOL_EXTENSIONS = YES;
				CLANG_ANALYZER_NONNULL = YES;
				CLANG_ANALYZER_NUMBER_OBJECT_CONVERSION = YES_AGGRESSIVE;
				CLANG_CXX_LANGUAGE_STANDARD = "gnu++20";
				CLANG_ENABLE_MODULES = YES;
				CLANG_ENABLE_OBJC_ARC = YES;
				CLANG_ENABLE_OBJC_WEAK = YES;
				CLANG_WARN_BLOCK_CAPTURE_AUTORELEASING = YES;
				CLANG_WARN_BOOL_CONVERSION = YES;
				CLANG_WARN_COMMA = YES;
				CLANG_WARN_CONSTANT_CONVERSION = YES;
				CLANG_WARN_DEPRECATED_OBJC_IMPLEMENTATIONS = YES;
				CLANG_WARN_DIRECT_OBJC_ISA_USAGE = YES_ERROR;
				CLANG_WARN_DOCUMENTATION_COMMENTS = YES;
				CLANG_WARN_EMPTY_BODY = YES;
				CLANG_WARN_ENUM_CONVERSION = YES;
				CLANG_WARN_INFINITE_RECURSION = YES;
				CLANG_WARN_INT_CONVERSION = YES;
				CLANG_WARN_NON_LITERAL_NULL_CONVERSION = YES;
				CLANG_WARN_OBJC_IMPLICIT_RETAIN_SELF = YES;
				CLANG_WARN_OBJC_LITERAL_CONVERSION = YES;
				CLANG_WARN_OBJC_ROOT_CLASS = YES_ERROR;
				CLANG_WARN_QUOTED_INCLUDE_IN_FRAMEWORK_HEADER = YES;
				CLANG_WARN_RANGE_LOOP_ANALYSIS = YES;
				CLANG_WARN_STRICT_PROTOTYPES = YES;
				CLANG_WARN_SUSPICIOUS_MOVE = YES;
				CLANG_WARN_UNGUARDED_AVAILABILITY = YES_AGGRESSIVE;
				CLANG_WARN_UNREACHABLE_CODE = YES;
				CLANG_WARN__DUPLICATE_METHOD_MATCH = YES;
				COPY_PHASE_STRIP = NO;
				DEBUG_INFORMATION_FORMAT = "dwarf-with-dsym";
				ENABLE_NS_ASSERTIONS = NO;
				ENABLE_STRICT_OBJC_MSGSEND = YES;
				ENABLE_USER_SCRIPT_SANDBOXING = YES;
				GCC_C_LANGUAGE_STANDARD = gnu17;
				GCC_NO_COMMON_BLOCKS = YES;
				GCC_WARN_64_TO_32_BIT_CONVERSION = YES;
				GCC_WARN_ABOUT_RETURN_TYPE = YES_ERROR;
				GCC_WARN_UNDECLARED_SELECTOR = YES;
				GCC_WARN_UNINITIALIZED_AUTOS = YES_AGGRESSIVE;
				GCC_WARN_UNUSED_FUNCTION = YES;
				GCC_WARN_UNUSED_VARIABLE = YES;
				IPHONEOS_DEPLOYMENT_TARGET = 17.0;
				LOCALIZATION_PREFERS_STRING_CATALOGS = YES;
				MTL_ENABLE_DEBUG_INFO = NO;
				MTL_FAST_MATH = YES;
				SDKROOT = iphoneos;
				SWIFT_COMPILATION_MODE = wholemodule;
				VALIDATE_PRODUCT = YES;
			};
			name = Release;
		};
		9ED38E032B0EF8A80067AA14 /* Debug */ = {
			isa = XCBuildConfiguration;
			buildSettings = {
				ASSETCATALOG_COMPILER_APPICON_NAME = AppIcon;
				ASSETCATALOG_COMPILER_GLOBAL_ACCENT_COLOR_NAME = AccentColor;
				CODE_SIGN_STYLE = Automatic;
				CURRENT_PROJECT_VERSION = 1;
				DEVELOPMENT_TEAM = 4DQM269FVB;
				GENERATE_INFOPLIST_FILE = YES;
				INFOPLIST_FILE = HelloReactorKit/Info.plist;
				INFOPLIST_KEY_UIApplicationSupportsIndirectInputEvents = YES;
				INFOPLIST_KEY_UILaunchStoryboardName = LaunchScreen;
				INFOPLIST_KEY_UIMainStoryboardFile = Main;
				INFOPLIST_KEY_UISupportedInterfaceOrientations_iPad = "UIInterfaceOrientationPortrait UIInterfaceOrientationPortraitUpsideDown UIInterfaceOrientationLandscapeLeft UIInterfaceOrientationLandscapeRight";
				INFOPLIST_KEY_UISupportedInterfaceOrientations_iPhone = "UIInterfaceOrientationPortrait UIInterfaceOrientationLandscapeLeft UIInterfaceOrientationLandscapeRight";
				LD_RUNPATH_SEARCH_PATHS = (
					"$(inherited)",
					"@executable_path/Frameworks",
				);
				MARKETING_VERSION = 1.0;
				PRODUCT_BUNDLE_IDENTIFIER = "com.kunwoo-kim.HelloReactorKit";
				PRODUCT_NAME = "$(TARGET_NAME)";
				SWIFT_EMIT_LOC_STRINGS = YES;
				SWIFT_VERSION = 5.0;
				TARGETED_DEVICE_FAMILY = "1,2";
			};
			name = Debug;
		};
		9ED38E042B0EF8A80067AA14 /* Release */ = {
			isa = XCBuildConfiguration;
			buildSettings = {
				ASSETCATALOG_COMPILER_APPICON_NAME = AppIcon;
				ASSETCATALOG_COMPILER_GLOBAL_ACCENT_COLOR_NAME = AccentColor;
				CODE_SIGN_STYLE = Automatic;
				CURRENT_PROJECT_VERSION = 1;
				DEVELOPMENT_TEAM = 4DQM269FVB;
				GENERATE_INFOPLIST_FILE = YES;
				INFOPLIST_FILE = HelloReactorKit/Info.plist;
				INFOPLIST_KEY_UIApplicationSupportsIndirectInputEvents = YES;
				INFOPLIST_KEY_UILaunchStoryboardName = LaunchScreen;
				INFOPLIST_KEY_UIMainStoryboardFile = Main;
				INFOPLIST_KEY_UISupportedInterfaceOrientations_iPad = "UIInterfaceOrientationPortrait UIInterfaceOrientationPortraitUpsideDown UIInterfaceOrientationLandscapeLeft UIInterfaceOrientationLandscapeRight";
				INFOPLIST_KEY_UISupportedInterfaceOrientations_iPhone = "UIInterfaceOrientationPortrait UIInterfaceOrientationLandscapeLeft UIInterfaceOrientationLandscapeRight";
				LD_RUNPATH_SEARCH_PATHS = (
					"$(inherited)",
					"@executable_path/Frameworks",
				);
				MARKETING_VERSION = 1.0;
				PRODUCT_BUNDLE_IDENTIFIER = "com.kunwoo-kim.HelloReactorKit";
				PRODUCT_NAME = "$(TARGET_NAME)";
				SWIFT_EMIT_LOC_STRINGS = YES;
				SWIFT_VERSION = 5.0;
				TARGETED_DEVICE_FAMILY = "1,2";
			};
			name = Release;
		};
/* End XCBuildConfiguration section */

/* Begin XCConfigurationList section */
		9ED38DE92B0EF8A60067AA14 /* Build configuration list for PBXProject "HelloReactorKit" */ = {
			isa = XCConfigurationList;
			buildConfigurations = (
				9ED38E002B0EF8A80067AA14 /* Debug */,
				9ED38E012B0EF8A80067AA14 /* Release */,
			);
			defaultConfigurationIsVisible = 0;
			defaultConfigurationName = Release;
		};
		9ED38E022B0EF8A80067AA14 /* Build configuration list for PBXNativeTarget "HelloReactorKit" */ = {
			isa = XCConfigurationList;
			buildConfigurations = (
				9ED38E032B0EF8A80067AA14 /* Debug */,
				9ED38E042B0EF8A80067AA14 /* Release */,
			);
			defaultConfigurationIsVisible = 0;
			defaultConfigurationName = Release;
		};
/* End XCConfigurationList section */

/* Begin XCRemoteSwiftPackageReference section */
		9ED38E0F2B0EF9AB0067AA14 /* XCRemoteSwiftPackageReference "RxSwift" */ = {
			isa = XCRemoteSwiftPackageReference;
			repositoryURL = "https://github.com/ReactiveX/RxSwift";
			requirement = {
				kind = upToNextMajorVersion;
				minimumVersion = 6.6.0;
			};
		};
		9ED38E1A2B0EF9B80067AA14 /* XCRemoteSwiftPackageReference "ReactorKit" */ = {
			isa = XCRemoteSwiftPackageReference;
			repositoryURL = "https://github.com/ReactorKit/ReactorKit";
			requirement = {
				kind = upToNextMajorVersion;
				minimumVersion = 3.2.0;
			};
		};
/* End XCRemoteSwiftPackageReference section */

/* Begin XCSwiftPackageProductDependency section */
		9ED38E102B0EF9AB0067AA14 /* RxBlocking */ = {
			isa = XCSwiftPackageProductDependency;
			package = 9ED38E0F2B0EF9AB0067AA14 /* XCRemoteSwiftPackageReference "RxSwift" */;
			productName = RxBlocking;
		};
		9ED38E122B0EF9AB0067AA14 /* RxBlocking-Dynamic */ = {
			isa = XCSwiftPackageProductDependency;
			package = 9ED38E0F2B0EF9AB0067AA14 /* XCRemoteSwiftPackageReference "RxSwift" */;
			productName = "RxBlocking-Dynamic";
		};
		9ED38E142B0EF9AB0067AA14 /* RxCocoa */ = {
			isa = XCSwiftPackageProductDependency;
			package = 9ED38E0F2B0EF9AB0067AA14 /* XCRemoteSwiftPackageReference "RxSwift" */;
			productName = RxCocoa;
		};
		9ED38E162B0EF9AB0067AA14 /* RxCocoa-Dynamic */ = {
			isa = XCSwiftPackageProductDependency;
			package = 9ED38E0F2B0EF9AB0067AA14 /* XCRemoteSwiftPackageReference "RxSwift" */;
			productName = "RxCocoa-Dynamic";
		};
		9ED38E182B0EF9AB0067AA14 /* RxRelay */ = {
			isa = XCSwiftPackageProductDependency;
			package = 9ED38E0F2B0EF9AB0067AA14 /* XCRemoteSwiftPackageReference "RxSwift" */;
			productName = RxRelay;
		};
		9ED38E1B2B0EF9B80067AA14 /* ReactorKit */ = {
			isa = XCSwiftPackageProductDependency;
			package = 9ED38E1A2B0EF9B80067AA14 /* XCRemoteSwiftPackageReference "ReactorKit" */;
			productName = ReactorKit;
		};
/* End XCSwiftPackageProductDependency section */
	};
	rootObject = 9ED38DE62B0EF8A60067AA14 /* Project object */;
}
